
Microsoft Visual Studio Solution File, Format Version 12.00
# Visual Studio 14
VisualStudioVersion = 14.0.23107.0
MinimumVisualStudioVersion = 10.0.40219.1
Project("{151D2E53-A2C4-4D7D-83FE-D05416EBD58E}") = "vm-windows-diagnostics-json", "vm-windows-diagnostics-json\vm-windows-diagnostics-json.deployproj", "{B80CB731-B300-4459-A4E7-9368B4D7D7B3}"
EndProject
Global
	GlobalSection(SolutionConfigurationPlatforms) = preSolution
		Debug|Any CPU = Debug|Any CPU
		Release|Any CPU = Release|Any CPU
	EndGlobalSection
	GlobalSection(ProjectConfigurationPlatforms) = postSolution
		{B80CB731-B300-4459-A4E7-9368B4D7D7B3}.Debug|Any CPU.ActiveCfg = Debug|Any CPU
		{B80CB731-B300-4459-A4E7-9368B4D7D7B3}.Debug|Any CPU.Build.0 = Debug|Any CPU
		{B80CB731-B300-4459-A4E7-9368B4D7D7B3}.Release|Any CPU.ActiveCfg = Release|Any CPU
		{B80CB731-B300-4459-A4E7-9368B4D7D7B3}.Release|Any CPU.Build.0 = Release|Any CPU
	EndGlobalSection
	GlobalSection(SolutionProperties) = preSolution
		HideSolutionNode = FALSE
	EndGlobalSection
EndGlobal
